
Microsoft Visual Studio Solution File, Format Version 12.00
# Visual Studio Version 16
VisualStudioVersion = 16.0.29025.244
MinimumVisualStudioVersion = 10.0.40219.1
Project("{FAE04EC0-301F-11D3-BF4B-00C04F79EFBC}") = "Game", "Game\Game.csproj", "{EC84627E-2E41-4DC2-97C1-2A6786A29FBD}"
EndProject
Global
	GlobalSection(SolutionConfigurationPlatforms) = preSolution
		Debug|Any CPU = Debug|Any CPU
		Release|Any CPU = Release|Any CPU
	EndGlobalSection
	GlobalSection(ProjectConfigurationPlatforms) = postSolution
		{EC84627E-2E41-4DC2-97C1-2A6786A29FBD}.Debug|Any CPU.ActiveCfg = Debug|Any CPU
		{EC84627E-2E41-4DC2-97C1-2A6786A29FBD}.Debug|Any CPU.Build.0 = Debug|Any CPU
		{EC84627E-2E41-4DC2-97C1-2A6786A29FBD}.Release|Any CPU.ActiveCfg = Release|Any CPU
		{EC84627E-2E41-4DC2-97C1-2A6786A29FBD}.Release|Any CPU.Build.0 = Release|Any CPU
	EndGlobalSection
	GlobalSection(SolutionProperties) = preSolution
		HideSolutionNode = FALSE
	EndGlobalSection
	GlobalSection(ExtensibilityGlobals) = postSolution
		SolutionGuid = {01A6212A-17C0-48C1-9A08-E187F62B3548}
	EndGlobalSection
EndGlobal
